// !$*UTF8*$!
{
	archiveVersion = 1;
	classes = {
	};
	objectVersion = 50;
	objects = {

/* Begin PBXBuildFile section */
		083941F12365E90800070580 /* AppDelegate.swift in Sources */ = {isa = PBXBuildFile; fileRef = 083941F02365E90800070580 /* AppDelegate.swift */; };
		083941F32365E90800070580 /* SceneDelegate.swift in Sources */ = {isa = PBXBuildFile; fileRef = 083941F22365E90800070580 /* SceneDelegate.swift */; };
		083941F52365E90800070580 /* ViewController.swift in Sources */ = {isa = PBXBuildFile; fileRef = 083941F42365E90800070580 /* ViewController.swift */; };
		083941F82365E90800070580 /* Main.storyboard in Resources */ = {isa = PBXBuildFile; fileRef = 083941F62365E90800070580 /* Main.storyboard */; };
		083941FA2365E90A00070580 /* Assets.xcassets in Resources */ = {isa = PBXBuildFile; fileRef = 083941F92365E90A00070580 /* Assets.xcassets */; };
		083941FD2365E90A00070580 /* LaunchScreen.storyboard in Resources */ = {isa = PBXBuildFile; fileRef = 083941FB2365E90A00070580 /* LaunchScreen.storyboard */; };
		0839421E2366050400070580 /* m2.mp3 in Resources */ = {isa = PBXBuildFile; fileRef = 0839421C2366050400070580 /* m2.mp3 */; };
		0839421F2366050400070580 /* m1.mp3 in Resources */ = {isa = PBXBuildFile; fileRef = 0839421D2366050400070580 /* m1.mp3 */; };
		083942212366079F00070580 /* AKPlayerProblem2.png in Resources */ = {isa = PBXBuildFile; fileRef = 083942202366079E00070580 /* AKPlayerProblem2.png */; };
		0839422323660A1900070580 /* AKPlayerProblem1.png in Resources */ = {isa = PBXBuildFile; fileRef = 0839422223660A1900070580 /* AKPlayerProblem1.png */; };
		0DEEDEEBE478CDCBE88878F1 /* Pods_AKPlayerProblems.framework in Frameworks */ = {isa = PBXBuildFile; fileRef = E369F2A566C37AB729D18ACC /* Pods_AKPlayerProblems.framework */; };
/* End PBXBuildFile section */

/* Begin PBXFileReference section */
		083941ED2365E90800070580 /* AKPlayerProblems.app */ = {isa = PBXFileReference; explicitFileType = wrapper.application; includeInIndex = 0; path = AKPlayerProblems.app; sourceTree = BUILT_PRODUCTS_DIR; };
		083941F02365E90800070580 /* AppDelegate.swift */ = {isa = PBXFileReference; lastKnownFileType = sourcecode.swift; path = AppDelegate.swift; sourceTree = "<group>"; };
		083941F22365E90800070580 /* SceneDelegate.swift */ = {isa = PBXFileReference; lastKnownFileType = sourcecode.swift; path = SceneDelegate.swift; sourceTree = "<group>"; };
		083941F42365E90800070580 /* ViewController.swift */ = {isa = PBXFileReference; lastKnownFileType = sourcecode.swift; path = ViewController.swift; sourceTree = "<group>"; };
		083941F72365E90800070580 /* Base */ = {isa = PBXFileReference; lastKnownFileType = file.storyboard; name = Base; path = Base.lproj/Main.storyboard; sourceTree = "<group>"; };
		083941F92365E90A00070580 /* Assets.xcassets */ = {isa = PBXFileReference; lastKnownFileType = folder.assetcatalog; path = Assets.xcassets; sourceTree = "<group>"; };
		083941FC2365E90A00070580 /* Base */ = {isa = PBXFileReference; lastKnownFileType = file.storyboard; name = Base; path = Base.lproj/LaunchScreen.storyboard; sourceTree = "<group>"; };
		083941FE2365E90A00070580 /* Info.plist */ = {isa = PBXFileReference; lastKnownFileType = text.plist.xml; path = Info.plist; sourceTree = "<group>"; };
		0839421C2366050400070580 /* m2.mp3 */ = {isa = PBXFileReference; lastKnownFileType = audio.mp3; path = m2.mp3; sourceTree = "<group>"; };
		0839421D2366050400070580 /* m1.mp3 */ = {isa = PBXFileReference; lastKnownFileType = audio.mp3; path = m1.mp3; sourceTree = "<group>"; };
		083942202366079E00070580 /* AKPlayerProblem2.png */ = {isa = PBXFileReference; lastKnownFileType = image.png; path = AKPlayerProblem2.png; sourceTree = "<group>"; };
		0839422223660A1900070580 /* AKPlayerProblem1.png */ = {isa = PBXFileReference; lastKnownFileType = image.png; path = AKPlayerProblem1.png; sourceTree = "<group>"; };
		738751C36CDD5E3BB7E3089F /* Pods-AKPlayerProblems.debug.xcconfig */ = {isa = PBXFileReference; includeInIndex = 1; lastKnownFileType = text.xcconfig; name = "Pods-AKPlayerProblems.debug.xcconfig"; path = "Target Support Files/Pods-AKPlayerProblems/Pods-AKPlayerProblems.debug.xcconfig"; sourceTree = "<group>"; };
		7795FF50E35D4689B2D8FDDC /* Pods-AKPlayerProblems.release.xcconfig */ = {isa = PBXFileReference; includeInIndex = 1; lastKnownFileType = text.xcconfig; name = "Pods-AKPlayerProblems.release.xcconfig"; path = "Target Support Files/Pods-AKPlayerProblems/Pods-AKPlayerProblems.release.xcconfig"; sourceTree = "<group>"; };
		E369F2A566C37AB729D18ACC /* Pods_AKPlayerProblems.framework */ = {isa = PBXFileReference; explicitFileType = wrapper.framework; includeInIndex = 0; path = Pods_AKPlayerProblems.framework; sourceTree = BUILT_PRODUCTS_DIR; };
/* End PBXFileReference section */

/* Begin PBXFrameworksBuildPhase section */
		083941EA2365E90800070580 /* Frameworks */ = {
			isa = PBXFrameworksBuildPhase;
			buildActionMask = 2147483647;
			files = (
				0DEEDEEBE478CDCBE88878F1 /* Pods_AKPlayerProblems.framework in Frameworks */,
			);
			runOnlyForDeploymentPostprocessing = 0;
		};
/* End PBXFrameworksBuildPhase section */

/* Begin PBXGroup section */
		083941E42365E90700070580 = {
			isa = PBXGroup;
			children = (
				083941EF2365E90800070580 /* AKPlayerProblems */,
				083941EE2365E90800070580 /* Products */,
				48D83327A7E06DFDBE632B9D /* Pods */,
				243C075802DF8038F2E5407D /* Frameworks */,
			);
			sourceTree = "<group>";
		};
		083941EE2365E90800070580 /* Products */ = {
			isa = PBXGroup;
			children = (
				083941ED2365E90800070580 /* AKPlayerProblems.app */,
			);
			name = Products;
			sourceTree = "<group>";
		};
		083941EF2365E90800070580 /* AKPlayerProblems */ = {
			isa = PBXGroup;
			children = (
				0839422223660A1900070580 /* AKPlayerProblem1.png */,
				083942202366079E00070580 /* AKPlayerProblem2.png */,
				0839421D2366050400070580 /* m1.mp3 */,
				0839421C2366050400070580 /* m2.mp3 */,
				083941F02365E90800070580 /* AppDelegate.swift */,
				083941F22365E90800070580 /* SceneDelegate.swift */,
				083941F42365E90800070580 /* ViewController.swift */,
				083941F62365E90800070580 /* Main.storyboard */,
				083941F92365E90A00070580 /* Assets.xcassets */,
				083941FB2365E90A00070580 /* LaunchScreen.storyboard */,
				083941FE2365E90A00070580 /* Info.plist */,
			);
			path = AKPlayerProblems;
			sourceTree = "<group>";
		};
		243C075802DF8038F2E5407D /* Frameworks */ = {
			isa = PBXGroup;
			children = (
				E369F2A566C37AB729D18ACC /* Pods_AKPlayerProblems.framework */,
			);
			name = Frameworks;
			sourceTree = "<group>";
		};
		48D83327A7E06DFDBE632B9D /* Pods */ = {
			isa = PBXGroup;
			children = (
				738751C36CDD5E3BB7E3089F /* Pods-AKPlayerProblems.debug.xcconfig */,
				7795FF50E35D4689B2D8FDDC /* Pods-AKPlayerProblems.release.xcconfig */,
			);
			path = Pods;
			sourceTree = "<group>";
		};
/* End PBXGroup section */

/* Begin PBXNativeTarget section */
		083941EC2365E90800070580 /* AKPlayerProblems */ = {
			isa = PBXNativeTarget;
			buildConfigurationList = 083942012365E90A00070580 /* Build configuration list for PBXNativeTarget "AKPlayerProblems" */;
			buildPhases = (
				B8DBA6DB093FB0B6BC4C6926 /* [CP] Check Pods Manifest.lock */,
				083941E92365E90800070580 /* Sources */,
				083941EA2365E90800070580 /* Frameworks */,
				083941EB2365E90800070580 /* Resources */,
			);
			buildRules = (
			);
			dependencies = (
			);
			name = AKPlayerProblems;
			productName = AKPlayerProblems;
			productReference = 083941ED2365E90800070580 /* AKPlayerProblems.app */;
			productType = "com.apple.product-type.application";
		};
/* End PBXNativeTarget section */

/* Begin PBXProject section */
		083941E52365E90700070580 /* Project object */ = {
			isa = PBXProject;
			attributes = {
				LastSwiftUpdateCheck = 1110;
				LastUpgradeCheck = 1110;
				ORGANIZATIONNAME = Test;
				TargetAttributes = {
					083941EC2365E90800070580 = {
						CreatedOnToolsVersion = 11.1;
					};
				};
			};
			buildConfigurationList = 083941E82365E90700070580 /* Build configuration list for PBXProject "AKPlayerProblems" */;
			compatibilityVersion = "Xcode 9.3";
			developmentRegion = en;
			hasScannedForEncodings = 0;
			knownRegions = (
				en,
				Base,
			);
			mainGroup = 083941E42365E90700070580;
			productRefGroup = 083941EE2365E90800070580 /* Products */;
			projectDirPath = "";
			projectRoot = "";
			targets = (
				083941EC2365E90800070580 /* AKPlayerProblems */,
			);
		};
/* End PBXProject section */

/* Begin PBXResourcesBuildPhase section */
		083941EB2365E90800070580 /* Resources */ = {
			isa = PBXResourcesBuildPhase;
			buildActionMask = 2147483647;
			files = (
				0839421F2366050400070580 /* m1.mp3 in Resources */,
				083941FD2365E90A00070580 /* LaunchScreen.storyboard in Resources */,
				0839422323660A1900070580 /* AKPlayerProblem1.png in Resources */,
				083942212366079F00070580 /* AKPlayerProblem2.png in Resources */,
				083941FA2365E90A00070580 /* Assets.xcassets in Resources */,
				083941F82365E90800070580 /* Main.storyboard in Resources */,
				0839421E2366050400070580 /* m2.mp3 in Resources */,
			);
			runOnlyForDeploymentPostprocessing = 0;
		};
/* End PBXResourcesBuildPhase section */

/* Begin PBXShellScriptBuildPhase section */
		B8DBA6DB093FB0B6BC4C6926 /* [CP] Check Pods Manifest.lock */ = {
			isa = PBXShellScriptBuildPhase;
			buildActionMask = 2147483647;
			files = (
			);
			inputFileListPaths = (
			);
			inputPaths = (
				"${PODS_PODFILE_DIR_PATH}/Podfile.lock",
				"${PODS_ROOT}/Manifest.lock",
			);
			name = "[CP] Check Pods Manifest.lock";
			outputFileListPaths = (
			);
			outputPaths = (
				"$(DERIVED_FILE_DIR)/Pods-AKPlayerProblems-checkManifestLockResult.txt",
			);
			runOnlyForDeploymentPostprocessing = 0;
			shellPath = /bin/sh;
			shellScript = "diff \"${PODS_PODFILE_DIR_PATH}/Podfile.lock\" \"${PODS_ROOT}/Manifest.lock\" > /dev/null\nif [ $? != 0 ] ; then\n    # print error to STDERR\n    echo \"error: The sandbox is not in sync with the Podfile.lock. Run 'pod install' or update your CocoaPods installation.\" >&2\n    exit 1\nfi\n# This output is used by Xcode 'outputs' to avoid re-running this script phase.\necho \"SUCCESS\" > \"${SCRIPT_OUTPUT_FILE_0}\"\n";
			showEnvVarsInLog = 0;
		};
/* End PBXShellScriptBuildPhase section */

/* Begin PBXSourcesBuildPhase section */
		083941E92365E90800070580 /* Sources */ = {
			isa = PBXSourcesBuildPhase;
			buildActionMask = 2147483647;
			files = (
				083941F52365E90800070580 /* ViewController.swift in Sources */,
				083941F12365E90800070580 /* AppDelegate.swift in Sources */,
				083941F32365E90800070580 /* SceneDelegate.swift in Sources */,
			);
			runOnlyForDeploymentPostprocessing = 0;
		};
/* End PBXSourcesBuildPhase section */

/* Begin PBXVariantGroup section */
		083941F62365E90800070580 /* Main.storyboard */ = {
			isa = PBXVariantGroup;
			children = (
				083941F72365E90800070580 /* Base */,
			);
			name = Main.storyboard;
			sourceTree = "<group>";
		};
		083941FB2365E90A00070580 /* LaunchScreen.storyboard */ = {
			isa = PBXVariantGroup;
			children = (
				083941FC2365E90A00070580 /* Base */,
			);
			name = LaunchScreen.storyboard;
			sourceTree = "<group>";
		};
/* End PBXVariantGroup section */

/* Begin XCBuildConfiguration section */
		083941FF2365E90A00070580 /* Debug */ = {
			isa = XCBuildConfiguration;
			buildSettings = {
				ALWAYS_SEARCH_USER_PATHS = NO;
				CLANG_ANALYZER_NONNULL = YES;
				CLANG_ANALYZER_NUMBER_OBJECT_CONVERSION = YES_AGGRESSIVE;
				CLANG_CXX_LANGUAGE_STANDARD = "gnu++14";
				CLANG_CXX_LIBRARY = "libc++";
				CLANG_ENABLE_MODULES = YES;
				CLANG_ENABLE_OBJC_ARC = YES;
				CLANG_ENABLE_OBJC_WEAK = YES;
				CLANG_WARN_BLOCK_CAPTURE_AUTORELEASING = YES;
				CLANG_WARN_BOOL_CONVERSION = YES;
				CLANG_WARN_COMMA = YES;
				CLANG_WARN_CONSTANT_CONVERSION = YES;
				CLANG_WARN_DEPRECATED_OBJC_IMPLEMENTATIONS = YES;
				CLANG_WARN_DIRECT_OBJC_ISA_USAGE = YES_ERROR;
				CLANG_WARN_DOCUMENTATION_COMMENTS = YES;
				CLANG_WARN_EMPTY_BODY = YES;
				CLANG_WARN_ENUM_CONVERSION = YES;
				CLANG_WARN_INFINITE_RECURSION = YES;
				CLANG_WARN_INT_CONVERSION = YES;
				CLANG_WARN_NON_LITERAL_NULL_CONVERSION = YES;
				CLANG_WARN_OBJC_IMPLICIT_RETAIN_SELF = YES;
				CLANG_WARN_OBJC_LITERAL_CONVERSION = YES;
				CLANG_WARN_OBJC_ROOT_CLASS = YES_ERROR;
				CLANG_WARN_RANGE_LOOP_ANALYSIS = YES;
				CLANG_WARN_STRICT_PROTOTYPES = YES;
				CLANG_WARN_SUSPICIOUS_MOVE = YES;
				CLANG_WARN_UNGUARDED_AVAILABILITY = YES_AGGRESSIVE;
				CLANG_WARN_UNREACHABLE_CODE = YES;
				CLANG_WARN__DUPLICATE_METHOD_MATCH = YES;
				COPY_PHASE_STRIP = NO;
				DEBUG_INFORMATION_FORMAT = dwarf;
				ENABLE_STRICT_OBJC_MSGSEND = YES;
				ENABLE_TESTABILITY = YES;
				GCC_C_LANGUAGE_STANDARD = gnu11;
				GCC_DYNAMIC_NO_PIC = NO;
				GCC_NO_COMMON_BLOCKS = YES;
				GCC_OPTIMIZATION_LEVEL = 0;
				GCC_PREPROCESSOR_DEFINITIONS = (
					"DEBUG=1",
					"$(inherited)",
				);
				GCC_WARN_64_TO_32_BIT_CONVERSION = YES;
				GCC_WARN_ABOUT_RETURN_TYPE = YES_ERROR;
				GCC_WARN_UNDECLARED_SELECTOR = YES;
				GCC_WARN_UNINITIALIZED_AUTOS = YES_AGGRESSIVE;
				GCC_WARN_UNUSED_FUNCTION = YES;
				GCC_WARN_UNUSED_VARIABLE = YES;
				IPHONEOS_DEPLOYMENT_TARGET = 13.1;
				MTL_ENABLE_DEBUG_INFO = INCLUDE_SOURCE;
				MTL_FAST_MATH = YES;
				ONLY_ACTIVE_ARCH = YES;
				SDKROOT = iphoneos;
				SWIFT_ACTIVE_COMPILATION_CONDITIONS = DEBUG;
				SWIFT_OPTIMIZATION_LEVEL = "-Onone";
			};
			name = Debug;
		};
		083942002365E90A00070580 /* Release */ = {
			isa = XCBuildConfiguration;
			buildSettings = {
				ALWAYS_SEARCH_USER_PATHS = NO;
				CLANG_ANALYZER_NONNULL = YES;
				CLANG_ANALYZER_NUMBER_OBJECT_CONVERSION = YES_AGGRESSIVE;
				CLANG_CXX_LANGUAGE_STANDARD = "gnu++14";
				CLANG_CXX_LIBRARY = "libc++";
				CLANG_ENABLE_MODULES = YES;
				CLANG_ENABLE_OBJC_ARC = YES;
				CLANG_ENABLE_OBJC_WEAK = YES;
				CLANG_WARN_BLOCK_CAPTURE_AUTORELEASING = YES;
				CLANG_WARN_BOOL_CONVERSION = YES;
				CLANG_WARN_COMMA = YES;
				CLANG_WARN_CONSTANT_CONVERSION = YES;
				CLANG_WARN_DEPRECATED_OBJC_IMPLEMENTATIONS = YES;
				CLANG_WARN_DIRECT_OBJC_ISA_USAGE = YES_ERROR;
				CLANG_WARN_DOCUMENTATION_COMMENTS = YES;
				CLANG_WARN_EMPTY_BODY = YES;
				CLANG_WARN_ENUM_CONVERSION = YES;
				CLANG_WARN_INFINITE_RECURSION = YES;
				CLANG_WARN_INT_CONVERSION = YES;
				CLANG_WARN_NON_LITERAL_NULL_CONVERSION = YES;
				CLANG_WARN_OBJC_IMPLICIT_RETAIN_SELF = YES;
				CLANG_WARN_OBJC_LITERAL_CONVERSION = YES;
				CLANG_WARN_OBJC_ROOT_CLASS = YES_ERROR;
				CLANG_WARN_RANGE_LOOP_ANALYSIS = YES;
				CLANG_WARN_STRICT_PROTOTYPES = YES;
				CLANG_WARN_SUSPICIOUS_MOVE = YES;
				CLANG_WARN_UNGUARDED_AVAILABILITY = YES_AGGRESSIVE;
				CLANG_WARN_UNREACHABLE_CODE = YES;
				CLANG_WARN__DUPLICATE_METHOD_MATCH = YES;
				COPY_PHASE_STRIP = NO;
				DEBUG_INFORMATION_FORMAT = "dwarf-with-dsym";
				ENABLE_NS_ASSERTIONS = NO;
				ENABLE_STRICT_OBJC_MSGSEND = YES;
				GCC_C_LANGUAGE_STANDARD = gnu11;
				GCC_NO_COMMON_BLOCKS = YES;
				GCC_WARN_64_TO_32_BIT_CONVERSION = YES;
				GCC_WARN_ABOUT_RETURN_TYPE = YES_ERROR;
				GCC_WARN_UNDECLARED_SELECTOR = YES;
				GCC_WARN_UNINITIALIZED_AUTOS = YES_AGGRESSIVE;
				GCC_WARN_UNUSED_FUNCTION = YES;
				GCC_WARN_UNUSED_VARIABLE = YES;
				IPHONEOS_DEPLOYMENT_TARGET = 13.1;
				MTL_ENABLE_DEBUG_INFO = NO;
				MTL_FAST_MATH = YES;
				SDKROOT = iphoneos;
				SWIFT_COMPILATION_MODE = wholemodule;
				SWIFT_OPTIMIZATION_LEVEL = "-O";
				VALIDATE_PRODUCT = YES;
			};
			name = Release;
		};
		083942022365E90A00070580 /* Debug */ = {
			isa = XCBuildConfiguration;
			baseConfigurationReference = 738751C36CDD5E3BB7E3089F /* Pods-AKPlayerProblems.debug.xcconfig */;
			buildSettings = {
				ASSETCATALOG_COMPILER_APPICON_NAME = AppIcon;
				CODE_SIGN_STYLE = Automatic;
				DEVELOPMENT_TEAM = 3BF5G8F43G;
				INFOPLIST_FILE = AKPlayerProblems/Info.plist;
				LD_RUNPATH_SEARCH_PATHS = (
					"$(inherited)",
					"@executable_path/Frameworks",
				);
				PRODUCT_BUNDLE_IDENTIFIER = Test.AKPlayerProblems;
				PRODUCT_NAME = "$(TARGET_NAME)";
				SWIFT_VERSION = 5.0;
				TARGETED_DEVICE_FAMILY = "1,2";
			};
			name = Debug;
		};
		083942032365E90A00070580 /* Release */ = {
			isa = XCBuildConfiguration;
			baseConfigurationReference = 7795FF50E35D4689B2D8FDDC /* Pods-AKPlayerProblems.release.xcconfig */;
			buildSettings = {
				ASSETCATALOG_COMPILER_APPICON_NAME = AppIcon;
				CODE_SIGN_STYLE = Automatic;
				DEVELOPMENT_TEAM = 3BF5G8F43G;
				INFOPLIST_FILE = AKPlayerProblems/Info.plist;
				LD_RUNPATH_SEARCH_PATHS = (
					"$(inherited)",
					"@executable_path/Frameworks",
				);
				PRODUCT_BUNDLE_IDENTIFIER = Test.AKPlayerProblems;
				PRODUCT_NAME = "$(TARGET_NAME)";
				SWIFT_VERSION = 5.0;
				TARGETED_DEVICE_FAMILY = "1,2";
			};
			name = Release;
		};
/* End XCBuildConfiguration section */

/* Begin XCConfigurationList section */
		083941E82365E90700070580 /* Build configuration list for PBXProject "AKPlayerProblems" */ = {
			isa = XCConfigurationList;
			buildConfigurations = (
				083941FF2365E90A00070580 /* Debug */,
				083942002365E90A00070580 /* Release */,
			);
			defaultConfigurationIsVisible = 0;
			defaultConfigurationName = Release;
		};
		083942012365E90A00070580 /* Build configuration list for PBXNativeTarget "AKPlayerProblems" */ = {
			isa = XCConfigurationList;
			buildConfigurations = (
				083942022365E90A00070580 /* Debug */,
				083942032365E90A00070580 /* Release */,
			);
			defaultConfigurationIsVisible = 0;
			defaultConfigurationName = Release;
		};
/* End XCConfigurationList section */
	};
	rootObject = 083941E52365E90700070580 /* Project object */;
}
